github.com/golang/net v0.0.0-20180826012351-8a410e7b638d/go.mod h1:98y8FxUyMjTdJ5eOj/8vzuiVO14/dkJ98NYhEPG8QGY=
github.com/golang/text v0.3.0/go.mod h1:GUiq9pdJKRKKAZXiVgWFEvocYuREvC14NhI4OPgEjeE=
github.com/golang/tools v0.0.0-20190420181800-aa740d480789/go.mod h1:LCzVGOaR6xXOjkQ3onu1FJEFr0SW1gC7cKk1uF8kGRs=
